
Microsoft Visual Studio Solution File, Format Version 12.00
# Visual Studio Version 16
VisualStudioVersion = 16.0.31624.102
MinimumVisualStudioVersion = 10.0.40219.1
Project("{FAE04EC0-301F-11D3-BF4B-00C04F79EFBC}") = "Exercise1", "Exercise1\Exercise1.csproj", "{E8C40D29-C797-4D7B-8E41-B255E56A4C41}"
EndProject
Project("{2150E333-8FDC-42A3-9474-1A3956D46DE8}") = "Solution Items", "Solution Items", "{14E0F23E-8373-4F75-B992-5328025BAD9E}"
	ProjectSection(SolutionItems) = preProject
		TextFile1.txt = TextFile1.txt
	EndProjectSection
EndProject
Project("{FAE04EC0-301F-11D3-BF4B-00C04F79EFBC}") = "ex2", "ex2\ex2.csproj", "{9586DA1D-B0C9-48D3-92CA-9AEFBB24C796}"
EndProject
Global
	GlobalSection(SolutionConfigurationPlatforms) = preSolution
		Debug|Any CPU = Debug|Any CPU
		Release|Any CPU = Release|Any CPU
	EndGlobalSection
	GlobalSection(ProjectConfigurationPlatforms) = postSolution
		{E8C40D29-C797-4D7B-8E41-B255E56A4C41}.Debug|Any CPU.ActiveCfg = Debug|Any CPU
		{E8C40D29-C797-4D7B-8E41-B255E56A4C41}.Debug|Any CPU.Build.0 = Debug|Any CPU
		{E8C40D29-C797-4D7B-8E41-B255E56A4C41}.Release|Any CPU.ActiveCfg = Release|Any CPU
		{E8C40D29-C797-4D7B-8E41-B255E56A4C41}.Release|Any CPU.Build.0 = Release|Any CPU
		{9586DA1D-B0C9-48D3-92CA-9AEFBB24C796}.Debug|Any CPU.ActiveCfg = Debug|Any CPU
		{9586DA1D-B0C9-48D3-92CA-9AEFBB24C796}.Debug|Any CPU.Build.0 = Debug|Any CPU
		{9586DA1D-B0C9-48D3-92CA-9AEFBB24C796}.Release|Any CPU.ActiveCfg = Release|Any CPU
		{9586DA1D-B0C9-48D3-92CA-9AEFBB24C796}.Release|Any CPU.Build.0 = Release|Any CPU
	EndGlobalSection
	GlobalSection(SolutionProperties) = preSolution
		HideSolutionNode = FALSE
	EndGlobalSection
	GlobalSection(ExtensibilityGlobals) = postSolution
		SolutionGuid = {D268CD20-B0FD-4762-BD84-6D31124DEAF6}
	EndGlobalSection
EndGlobal
